<Solution>
  <Project Path="Gamebox.Editor.csproj" />
  <Project Path="Skinnerboxes.Utils.csproj" />
  <Project Path="BaseGameAssembly.csproj" />
  <Project Path="Skinnerboxes.Monopoly.csproj" />
  <Project Path="Skinnerboxes.Monopoly.Editor.csproj" />
  <Project Path="Skinnerboxes.Monopoly.Tests.csproj" />
</Solution>
