<Solution>
  <Project Path="Skinnerboxes.Asteroids.csproj" />
  <Project Path="Gamebox.Editor.csproj" />
  <Project Path="Skinnerboxes.Utils.csproj" />
  <Project Path="BaseGameAssembly.csproj" />
  <Project Path="Skinnerboxes.Asteroids.Editor.csproj" />
  <Project Path="Skinnerboxes.Asteroids.Tests.Editor.csproj" />
  <Project Path="Skinnerboxes.Asteroids.Tests.Runtime.csproj" />
</Solution>
